
Microsoft Visual Studio Solution File, Format Version 12.00
# Visual Studio Version 17
VisualStudioVersion = 17.0.31903.59
MinimumVisualStudioVersion = 10.0.40219.1
Project("{9A19103F-16F7-4668-BE54-9A1E7A4F7556}") = "ServerSidePlayground", "ServerSidePlayground.csproj", "{DF59E113-CCF0-414A-B705-9B77BB391882}"
EndProject
Project("{9A19103F-16F7-4668-BE54-9A1E7A4F7556}") = "Telerik.Blazor", "../../Telerik.Blazor/Telerik.Blazor.csproj", "{2C9F8E5B-CE97-45EC-8715-7EDEAF88F784}"
EndProject
Project("{9A19103F-16F7-4668-BE54-9A1E7A4F7556}") = "Playground.Shared", "../Playground.Shared/Playground.Shared.csproj", "{2F535AA4-18AE-498A-BDF6-35915E303C9C}"
EndProject
Project("{9A19103F-16F7-4668-BE54-9A1E7A4F7556}") = "Telerik.Blazor.Tests", "../../Telerik.Blazor.Tests/Telerik.Blazor.Tests.csproj", "{5CB458E0-F54E-42B1-9C4E-A5B2620A8BC9}"
EndProject
Global
	GlobalSection(SolutionConfigurationPlatforms) = preSolution
		Debug|Any CPU = Debug|Any CPU
		Release|Any CPU = Release|Any CPU
	EndGlobalSection
	GlobalSection(ProjectConfigurationPlatforms) = postSolution
		{DF59E113-CCF0-414A-B705-9B77BB391882}.Debug|Any CPU.ActiveCfg = Debug|Any CPU
		{DF59E113-CCF0-414A-B705-9B77BB391882}.Debug|Any CPU.Build.0 = Debug|Any CPU
		{DF59E113-CCF0-414A-B705-9B77BB391882}.Release|Any CPU.ActiveCfg = Release|Any CPU
		{DF59E113-CCF0-414A-B705-9B77BB391882}.Release|Any CPU.Build.0 = Release|Any CPU
		{2C9F8E5B-CE97-45EC-8715-7EDEAF88F784}.Debug|Any CPU.ActiveCfg = Debug|Any CPU
		{2C9F8E5B-CE97-45EC-8715-7EDEAF88F784}.Debug|Any CPU.Build.0 = Debug|Any CPU
		{2C9F8E5B-CE97-45EC-8715-7EDEAF88F784}.Release|Any CPU.ActiveCfg = Release|Any CPU
		{2C9F8E5B-CE97-45EC-8715-7EDEAF88F784}.Release|Any CPU.Build.0 = Release|Any CPU
		{2F535AA4-18AE-498A-BDF6-35915E303C9C}.Debug|Any CPU.ActiveCfg = Debug|Any CPU
		{2F535AA4-18AE-498A-BDF6-35915E303C9C}.Debug|Any CPU.Build.0 = Debug|Any CPU
		{2F535AA4-18AE-498A-BDF6-35915E303C9C}.Release|Any CPU.ActiveCfg = Release|Any CPU
		{2F535AA4-18AE-498A-BDF6-35915E303C9C}.Release|Any CPU.Build.0 = Release|Any CPU
		{5CB458E0-F54E-42B1-9C4E-A5B2620A8BC9}.Debug|Any CPU.ActiveCfg = Debug|Any CPU
		{5CB458E0-F54E-42B1-9C4E-A5B2620A8BC9}.Debug|Any CPU.Build.0 = Debug|Any CPU
		{5CB458E0-F54E-42B1-9C4E-A5B2620A8BC9}.Release|Any CPU.ActiveCfg = Release|Any CPU
		{5CB458E0-F54E-42B1-9C4E-A5B2620A8BC9}.Release|Any CPU.Build.0 = Release|Any CPU
	EndGlobalSection
	GlobalSection(SolutionProperties) = preSolution
		HideSolutionNode = FALSE
	EndGlobalSection
	GlobalSection(ExtensibilityGlobals) = postSolution
		SolutionGuid = {47C37D14-0FB8-4240-B798-DA80AA87FE3D}
	EndGlobalSection
EndGlobal
